
Microsoft Visual Studio Solution File, Format Version 12.00
# Visual Studio 14
VisualStudioVersion = 14.0.24720.0
MinimumVisualStudioVersion = 10.0.40219.1
Project("{FAE04EC0-301F-11D3-BF4B-00C04F79EFBC}") = "myBlog", "myBlog\myBlog.csproj", "{06F62F18-C6DB-47F2-A3BA-E9075EB15836}"
EndProject
Global
	GlobalSection(SolutionConfigurationPlatforms) = preSolution
		Debug|Any CPU = Debug|Any CPU
		Release|Any CPU = Release|Any CPU
	EndGlobalSection
	GlobalSection(ProjectConfigurationPlatforms) = postSolution
		{06F62F18-C6DB-47F2-A3BA-E9075EB15836}.Debug|Any CPU.ActiveCfg = Debug|Any CPU
		{06F62F18-C6DB-47F2-A3BA-E9075EB15836}.Debug|Any CPU.Build.0 = Debug|Any CPU
		{06F62F18-C6DB-47F2-A3BA-E9075EB15836}.Release|Any CPU.ActiveCfg = Release|Any CPU
		{06F62F18-C6DB-47F2-A3BA-E9075EB15836}.Release|Any CPU.Build.0 = Release|Any CPU
	EndGlobalSection
	GlobalSection(SolutionProperties) = preSolution
		HideSolutionNode = FALSE
	EndGlobalSection
EndGlobal
