
Microsoft Visual Studio Solution File, Format Version 12.00
# Visual Studio 14
VisualStudioVersion = 14.0.24720.0
MinimumVisualStudioVersion = 10.0.40219.1
Project("{FAE04EC0-301F-11D3-BF4B-00C04F79EFBC}") = "myPersonalBlog.Main", "myPersonalBlog\myPersonalBlog.Main.csproj", "{4F085258-A197-4E15-984F-3318802398E0}"
EndProject
Project("{FAE04EC0-301F-11D3-BF4B-00C04F79EFBC}") = "myPersonalBlog.Tests", "myPersonalBlog.Tests\myPersonalBlog.Tests.csproj", "{40BD21EE-E6CC-47A5-9E97-50297457F3EC}"
EndProject
Project("{FAE04EC0-301F-11D3-BF4B-00C04F79EFBC}") = "myPersonalBlog.Core", "myPersonalBlog.Core\myPersonalBlog.Core.csproj", "{E72E4479-6AAC-4502-AE31-4D70CE5D6A8A}"
EndProject
Global
	GlobalSection(SolutionConfigurationPlatforms) = preSolution
		Debug|Any CPU = Debug|Any CPU
		Release|Any CPU = Release|Any CPU
	EndGlobalSection
	GlobalSection(ProjectConfigurationPlatforms) = postSolution
		{4F085258-A197-4E15-984F-3318802398E0}.Debug|Any CPU.ActiveCfg = Debug|Any CPU
		{4F085258-A197-4E15-984F-3318802398E0}.Debug|Any CPU.Build.0 = Debug|Any CPU
		{4F085258-A197-4E15-984F-3318802398E0}.Release|Any CPU.ActiveCfg = Release|Any CPU
		{4F085258-A197-4E15-984F-3318802398E0}.Release|Any CPU.Build.0 = Release|Any CPU
		{40BD21EE-E6CC-47A5-9E97-50297457F3EC}.Debug|Any CPU.ActiveCfg = Debug|Any CPU
		{40BD21EE-E6CC-47A5-9E97-50297457F3EC}.Debug|Any CPU.Build.0 = Debug|Any CPU
		{40BD21EE-E6CC-47A5-9E97-50297457F3EC}.Release|Any CPU.ActiveCfg = Release|Any CPU
		{40BD21EE-E6CC-47A5-9E97-50297457F3EC}.Release|Any CPU.Build.0 = Release|Any CPU
		{E72E4479-6AAC-4502-AE31-4D70CE5D6A8A}.Debug|Any CPU.ActiveCfg = Debug|Any CPU
		{E72E4479-6AAC-4502-AE31-4D70CE5D6A8A}.Debug|Any CPU.Build.0 = Debug|Any CPU
		{E72E4479-6AAC-4502-AE31-4D70CE5D6A8A}.Release|Any CPU.ActiveCfg = Release|Any CPU
		{E72E4479-6AAC-4502-AE31-4D70CE5D6A8A}.Release|Any CPU.Build.0 = Release|Any CPU
	EndGlobalSection
	GlobalSection(SolutionProperties) = preSolution
		HideSolutionNode = FALSE
	EndGlobalSection
EndGlobal
